// !$*UTF8*$!
{
	archiveVersion = 1;
	classes = {
	};
	objectVersion = 56;
	objects = {

/* Begin PBXBuildFile section */
		476B360ADF49689786635DE4 /* Pods_TableWithoutStoryboard.framework in Frameworks */ = {isa = PBXBuildFile; fileRef = 8B13048ACF66890554AD2455 /* Pods_TableWithoutStoryboard.framework */; };
		51009E6B2CD5219200F26390 /* DetailPatternViewController.swift in Sources */ = {isa = PBXBuildFile; fileRef = 51009E6A2CD5219200F26390 /* DetailPatternViewController.swift */; };
		51009E6D2CD5228E00F26390 /* PhotoViewController.swift in Sources */ = {isa = PBXBuildFile; fileRef = 51009E6C2CD5228E00F26390 /* PhotoViewController.swift */; };
		51009E6F2CDA9E9600F26390 /* DetailPatternViewController.swift in Sources */ = {isa = PBXBuildFile; fileRef = 51009E6E2CDA9E9600F26390 /* DetailPatternViewController.swift */; };
		51BC28632CD2CF1700D484E2 /* PatternTableViewCell.swift in Sources */ = {isa = PBXBuildFile; fileRef = 51BC28622CD2CF1700D484E2 /* PatternTableViewCell.swift */; };
		51C901A82CD22E9400B3BF52 /* AppDelegate.swift in Sources */ = {isa = PBXBuildFile; fileRef = 51C901A72CD22E9400B3BF52 /* AppDelegate.swift */; };
		51C901AA2CD22E9400B3BF52 /* SceneDelegate.swift in Sources */ = {isa = PBXBuildFile; fileRef = 51C901A92CD22E9400B3BF52 /* SceneDelegate.swift */; };
		51C901AC2CD22E9400B3BF52 /* ViewController.swift in Sources */ = {isa = PBXBuildFile; fileRef = 51C901AB2CD22E9400B3BF52 /* ViewController.swift */; };
		51C901B12CD22E9500B3BF52 /* Assets.xcassets in Resources */ = {isa = PBXBuildFile; fileRef = 51C901B02CD22E9500B3BF52 /* Assets.xcassets */; };
		51C901B42CD22E9500B3BF52 /* LaunchScreen.storyboard in Resources */ = {isa = PBXBuildFile; fileRef = 51C901B22CD22E9500B3BF52 /* LaunchScreen.storyboard */; };
/* End PBXBuildFile section */

/* Begin PBXFileReference section */
		51009E6A2CD5219200F26390 /* DetailPatternViewController.swift */ = {isa = PBXFileReference; lastKnownFileType = sourcecode.swift; name = DetailPatternViewController.swift; path = /Users/mayyabykhanova/Documents/TableWithoutStoryboard/TableWithoutStoryboard/TableWithoutStoryboard/DetailPatternViewController.swift; sourceTree = "<absolute>"; };
		51009E6C2CD5228E00F26390 /* PhotoViewController.swift */ = {isa = PBXFileReference; lastKnownFileType = sourcecode.swift; path = PhotoViewController.swift; sourceTree = "<group>"; };
		51009E6E2CDA9E9600F26390 /* DetailPatternViewController.swift */ = {isa = PBXFileReference; lastKnownFileType = sourcecode.swift; name = DetailPatternViewController.swift; path = /Users/mayyabykhanova/Documents/TableWithoutStoryboard/TableWithoutStoryboard/TableWithoutStoryboard/DetailPatternViewController.swift; sourceTree = "<absolute>"; };
		51BC28622CD2CF1700D484E2 /* PatternTableViewCell.swift */ = {isa = PBXFileReference; lastKnownFileType = sourcecode.swift; path = PatternTableViewCell.swift; sourceTree = "<group>"; };
		51C901A42CD22E9400B3BF52 /* TableWithoutStoryboard.app */ = {isa = PBXFileReference; explicitFileType = wrapper.application; includeInIndex = 0; path = TableWithoutStoryboard.app; sourceTree = BUILT_PRODUCTS_DIR; };
		51C901A72CD22E9400B3BF52 /* AppDelegate.swift */ = {isa = PBXFileReference; lastKnownFileType = sourcecode.swift; path = AppDelegate.swift; sourceTree = "<group>"; };
		51C901A92CD22E9400B3BF52 /* SceneDelegate.swift */ = {isa = PBXFileReference; lastKnownFileType = sourcecode.swift; path = SceneDelegate.swift; sourceTree = "<group>"; };
		51C901AB2CD22E9400B3BF52 /* ViewController.swift */ = {isa = PBXFileReference; lastKnownFileType = sourcecode.swift; path = ViewController.swift; sourceTree = "<group>"; };
		51C901B02CD22E9500B3BF52 /* Assets.xcassets */ = {isa = PBXFileReference; lastKnownFileType = folder.assetcatalog; path = Assets.xcassets; sourceTree = "<group>"; };
		51C901B32CD22E9500B3BF52 /* Base */ = {isa = PBXFileReference; lastKnownFileType = file.storyboard; name = Base; path = Base.lproj/LaunchScreen.storyboard; sourceTree = "<group>"; };
		51C901B52CD22E9500B3BF52 /* Info.plist */ = {isa = PBXFileReference; lastKnownFileType = text.plist.xml; path = Info.plist; sourceTree = "<group>"; };
		8B13048ACF66890554AD2455 /* Pods_TableWithoutStoryboard.framework */ = {isa = PBXFileReference; explicitFileType = wrapper.framework; includeInIndex = 0; path = Pods_TableWithoutStoryboard.framework; sourceTree = BUILT_PRODUCTS_DIR; };
		AFD84496441FEF01568FC7A1 /* Pods-TableWithoutStoryboard.debug.xcconfig */ = {isa = PBXFileReference; includeInIndex = 1; lastKnownFileType = text.xcconfig; name = "Pods-TableWithoutStoryboard.debug.xcconfig"; path = "Target Support Files/Pods-TableWithoutStoryboard/Pods-TableWithoutStoryboard.debug.xcconfig"; sourceTree = "<group>"; };
		C649F1804A17544AA0A76A81 /* Pods-TableWithoutStoryboard.release.xcconfig */ = {isa = PBXFileReference; includeInIndex = 1; lastKnownFileType = text.xcconfig; name = "Pods-TableWithoutStoryboard.release.xcconfig"; path = "Target Support Files/Pods-TableWithoutStoryboard/Pods-TableWithoutStoryboard.release.xcconfig"; sourceTree = "<group>"; };
/* End PBXFileReference section */

/* Begin PBXFrameworksBuildPhase section */
		51C901A12CD22E9400B3BF52 /* Frameworks */ = {
			isa = PBXFrameworksBuildPhase;
			buildActionMask = 2147483647;
			files = (
				476B360ADF49689786635DE4 /* Pods_TableWithoutStoryboard.framework in Frameworks */,
			);
			runOnlyForDeploymentPostprocessing = 0;
		};
/* End PBXFrameworksBuildPhase section */

/* Begin PBXGroup section */
		51C9019B2CD22E9400B3BF52 = {
			isa = PBXGroup;
			children = (
				51C901A62CD22E9400B3BF52 /* TableWithoutStoryboard */,
				51C901A52CD22E9400B3BF52 /* Products */,
				526BB731DCD3B4DC0A5B9FA9 /* Pods */,
				DAFE24746F859BA9EB9253F1 /* Frameworks */,
			);
			sourceTree = "<group>";
		};
		51C901A52CD22E9400B3BF52 /* Products */ = {
			isa = PBXGroup;
			children = (
				51C901A42CD22E9400B3BF52 /* TableWithoutStoryboard.app */,
			);
			name = Products;
			sourceTree = "<group>";
		};
		51C901A62CD22E9400B3BF52 /* TableWithoutStoryboard */ = {
			isa = PBXGroup;
			children = (
				51C901A72CD22E9400B3BF52 /* AppDelegate.swift */,
				51C901A92CD22E9400B3BF52 /* SceneDelegate.swift */,
				51C901AB2CD22E9400B3BF52 /* ViewController.swift */,
				51BC28622CD2CF1700D484E2 /* PatternTableViewCell.swift */,
				51009E6A2CD5219200F26390 /* DetailPatternViewController.swift */,
				51009E6E2CDA9E9600F26390 /* DetailPatternViewController.swift */,
				51009E6C2CD5228E00F26390 /* PhotoViewController.swift */,
				51C901B02CD22E9500B3BF52 /* Assets.xcassets */,
				51C901B22CD22E9500B3BF52 /* LaunchScreen.storyboard */,
				51C901B52CD22E9500B3BF52 /* Info.plist */,
			);
			path = TableWithoutStoryboard;
			sourceTree = "<group>";
		};
		526BB731DCD3B4DC0A5B9FA9 /* Pods */ = {
			isa = PBXGroup;
			children = (
				AFD84496441FEF01568FC7A1 /* Pods-TableWithoutStoryboard.debug.xcconfig */,
				C649F1804A17544AA0A76A81 /* Pods-TableWithoutStoryboard.release.xcconfig */,
			);
			path = Pods;
			sourceTree = "<group>";
		};
		DAFE24746F859BA9EB9253F1 /* Frameworks */ = {
			isa = PBXGroup;
			children = (
				8B13048ACF66890554AD2455 /* Pods_TableWithoutStoryboard.framework */,
			);
			name = Frameworks;
			sourceTree = "<group>";
		};
/* End PBXGroup section */

/* Begin PBXNativeTarget section */
		51C901A32CD22E9400B3BF52 /* TableWithoutStoryboard */ = {
			isa = PBXNativeTarget;
			buildConfigurationList = 51C901B82CD22E9500B3BF52 /* Build configuration list for PBXNativeTarget "TableWithoutStoryboard" */;
			buildPhases = (
				B2AF5644C455F10827AFA21E /* [CP] Check Pods Manifest.lock */,
				51C901A02CD22E9400B3BF52 /* Sources */,
				51C901A12CD22E9400B3BF52 /* Frameworks */,
				51C901A22CD22E9400B3BF52 /* Resources */,
				C666455D5C695AD5E15D4B4C /* [CP] Embed Pods Frameworks */,
			);
			buildRules = (
			);
			dependencies = (
			);
			name = TableWithoutStoryboard;
			productName = TableWithoutStoryboard;
			productReference = 51C901A42CD22E9400B3BF52 /* TableWithoutStoryboard.app */;
			productType = "com.apple.product-type.application";
		};
/* End PBXNativeTarget section */

/* Begin PBXProject section */
		51C9019C2CD22E9400B3BF52 /* Project object */ = {
			isa = PBXProject;
			attributes = {
				BuildIndependentTargetsInParallel = 1;
				LastSwiftUpdateCheck = 1520;
				LastUpgradeCheck = 1520;
				TargetAttributes = {
					51C901A32CD22E9400B3BF52 = {
						CreatedOnToolsVersion = 15.2;
					};
				};
			};
			buildConfigurationList = 51C9019F2CD22E9400B3BF52 /* Build configuration list for PBXProject "TableWithoutStoryboard" */;
			compatibilityVersion = "Xcode 14.0";
			developmentRegion = en;
			hasScannedForEncodings = 0;
			knownRegions = (
				en,
				Base,
			);
			mainGroup = 51C9019B2CD22E9400B3BF52;
			productRefGroup = 51C901A52CD22E9400B3BF52 /* Products */;
			projectDirPath = "";
			projectRoot = "";
			targets = (
				51C901A32CD22E9400B3BF52 /* TableWithoutStoryboard */,
			);
		};
/* End PBXProject section */

/* Begin PBXResourcesBuildPhase section */
		51C901A22CD22E9400B3BF52 /* Resources */ = {
			isa = PBXResourcesBuildPhase;
			buildActionMask = 2147483647;
			files = (
				51C901B42CD22E9500B3BF52 /* LaunchScreen.storyboard in Resources */,
				51C901B12CD22E9500B3BF52 /* Assets.xcassets in Resources */,
			);
			runOnlyForDeploymentPostprocessing = 0;
		};
/* End PBXResourcesBuildPhase section */

/* Begin PBXShellScriptBuildPhase section */
		B2AF5644C455F10827AFA21E /* [CP] Check Pods Manifest.lock */ = {
			isa = PBXShellScriptBuildPhase;
			buildActionMask = 2147483647;
			files = (
			);
			inputFileListPaths = (
			);
			inputPaths = (
				"${PODS_PODFILE_DIR_PATH}/Podfile.lock",
				"${PODS_ROOT}/Manifest.lock",
			);
			name = "[CP] Check Pods Manifest.lock";
			outputFileListPaths = (
			);
			outputPaths = (
				"$(DERIVED_FILE_DIR)/Pods-TableWithoutStoryboard-checkManifestLockResult.txt",
			);
			runOnlyForDeploymentPostprocessing = 0;
			shellPath = /bin/sh;
			shellScript = "diff \"${PODS_PODFILE_DIR_PATH}/Podfile.lock\" \"${PODS_ROOT}/Manifest.lock\" > /dev/null\nif [ $? != 0 ] ; then\n    # print error to STDERR\n    echo \"error: The sandbox is not in sync with the Podfile.lock. Run 'pod install' or update your CocoaPods installation.\" >&2\n    exit 1\nfi\n# This output is used by Xcode 'outputs' to avoid re-running this script phase.\necho \"SUCCESS\" > \"${SCRIPT_OUTPUT_FILE_0}\"\n";
			showEnvVarsInLog = 0;
		};
		C666455D5C695AD5E15D4B4C /* [CP] Embed Pods Frameworks */ = {
			isa = PBXShellScriptBuildPhase;
			buildActionMask = 2147483647;
			files = (
			);
			inputFileListPaths = (
				"${PODS_ROOT}/Target Support Files/Pods-TableWithoutStoryboard/Pods-TableWithoutStoryboard-frameworks-${CONFIGURATION}-input-files.xcfilelist",
			);
			name = "[CP] Embed Pods Frameworks";
			outputFileListPaths = (
				"${PODS_ROOT}/Target Support Files/Pods-TableWithoutStoryboard/Pods-TableWithoutStoryboard-frameworks-${CONFIGURATION}-output-files.xcfilelist",
			);
			runOnlyForDeploymentPostprocessing = 0;
			shellPath = /bin/sh;
			shellScript = "\"${PODS_ROOT}/Target Support Files/Pods-TableWithoutStoryboard/Pods-TableWithoutStoryboard-frameworks.sh\"\n";
			showEnvVarsInLog = 0;
		};
/* End PBXShellScriptBuildPhase section */

/* Begin PBXSourcesBuildPhase section */
		51C901A02CD22E9400B3BF52 /* Sources */ = {
			isa = PBXSourcesBuildPhase;
			buildActionMask = 2147483647;
			files = (
				51C901AC2CD22E9400B3BF52 /* ViewController.swift in Sources */,
				51C901A82CD22E9400B3BF52 /* AppDelegate.swift in Sources */,
				51009E6B2CD5219200F26390 /* DetailPatternViewController.swift in Sources */,
				51009E6F2CDA9E9600F26390 /* DetailPatternViewController.swift in Sources */,
				51BC28632CD2CF1700D484E2 /* PatternTableViewCell.swift in Sources */,
				51C901AA2CD22E9400B3BF52 /* SceneDelegate.swift in Sources */,
				51009E6D2CD5228E00F26390 /* PhotoViewController.swift in Sources */,
			);
			runOnlyForDeploymentPostprocessing = 0;
		};
/* End PBXSourcesBuildPhase section */

/* Begin PBXVariantGroup section */
		51C901B22CD22E9500B3BF52 /* LaunchScreen.storyboard */ = {
			isa = PBXVariantGroup;
			children = (
				51C901B32CD22E9500B3BF52 /* Base */,
			);
			name = LaunchScreen.storyboard;
			sourceTree = "<group>";
		};
/* End PBXVariantGroup section */

/* Begin XCBuildConfiguration section */
		51C901B62CD22E9500B3BF52 /* Debug */ = {
			isa = XCBuildConfiguration;
			buildSettings = {
				ALWAYS_SEARCH_USER_PATHS = NO;
				ASSETCATALOG_COMPILER_GENERATE_SWIFT_ASSET_SYMBOL_EXTENSIONS = YES;
				CLANG_ANALYZER_NONNULL = YES;
				CLANG_ANALYZER_NUMBER_OBJECT_CONVERSION = YES_AGGRESSIVE;
				CLANG_CXX_LANGUAGE_STANDARD = "gnu++20";
				CLANG_ENABLE_MODULES = YES;
				CLANG_ENABLE_OBJC_ARC = YES;
				CLANG_ENABLE_OBJC_WEAK = YES;
				CLANG_WARN_BLOCK_CAPTURE_AUTORELEASING = YES;
				CLANG_WARN_BOOL_CONVERSION = YES;
				CLANG_WARN_COMMA = YES;
				CLANG_WARN_CONSTANT_CONVERSION = YES;
				CLANG_WARN_DEPRECATED_OBJC_IMPLEMENTATIONS = YES;
				CLANG_WARN_DIRECT_OBJC_ISA_USAGE = YES_ERROR;
				CLANG_WARN_DOCUMENTATION_COMMENTS = YES;
				CLANG_WARN_EMPTY_BODY = YES;
				CLANG_WARN_ENUM_CONVERSION = YES;
				CLANG_WARN_INFINITE_RECURSION = YES;
				CLANG_WARN_INT_CONVERSION = YES;
				CLANG_WARN_NON_LITERAL_NULL_CONVERSION = YES;
				CLANG_WARN_OBJC_IMPLICIT_RETAIN_SELF = YES;
				CLANG_WARN_OBJC_LITERAL_CONVERSION = YES;
				CLANG_WARN_OBJC_ROOT_CLASS = YES_ERROR;
				CLANG_WARN_QUOTED_INCLUDE_IN_FRAMEWORK_HEADER = YES;
				CLANG_WARN_RANGE_LOOP_ANALYSIS = YES;
				CLANG_WARN_STRICT_PROTOTYPES = YES;
				CLANG_WARN_SUSPICIOUS_MOVE = YES;
				CLANG_WARN_UNGUARDED_AVAILABILITY = YES_AGGRESSIVE;
				CLANG_WARN_UNREACHABLE_CODE = YES;
				CLANG_WARN__DUPLICATE_METHOD_MATCH = YES;
				COPY_PHASE_STRIP = NO;
				DEBUG_INFORMATION_FORMAT = dwarf;
				ENABLE_STRICT_OBJC_MSGSEND = YES;
				ENABLE_TESTABILITY = YES;
				ENABLE_USER_SCRIPT_SANDBOXING = YES;
				GCC_C_LANGUAGE_STANDARD = gnu17;
				GCC_DYNAMIC_NO_PIC = NO;
				GCC_NO_COMMON_BLOCKS = YES;
				GCC_OPTIMIZATION_LEVEL = 0;
				GCC_PREPROCESSOR_DEFINITIONS = (
					"DEBUG=1",
					"$(inherited)",
				);
				GCC_WARN_64_TO_32_BIT_CONVERSION = YES;
				GCC_WARN_ABOUT_RETURN_TYPE = YES_ERROR;
				GCC_WARN_UNDECLARED_SELECTOR = YES;
				GCC_WARN_UNINITIALIZED_AUTOS = YES_AGGRESSIVE;
				GCC_WARN_UNUSED_FUNCTION = YES;
				GCC_WARN_UNUSED_VARIABLE = YES;
				IPHONEOS_DEPLOYMENT_TARGET = 17.2;
				LOCALIZATION_PREFERS_STRING_CATALOGS = YES;
				MTL_ENABLE_DEBUG_INFO = INCLUDE_SOURCE;
				MTL_FAST_MATH = YES;
				ONLY_ACTIVE_ARCH = YES;
				SDKROOT = iphoneos;
				SWIFT_ACTIVE_COMPILATION_CONDITIONS = "DEBUG $(inherited)";
				SWIFT_OPTIMIZATION_LEVEL = "-Onone";
			};
			name = Debug;
		};
		51C901B72CD22E9500B3BF52 /* Release */ = {
			isa = XCBuildConfiguration;
			buildSettings = {
				ALWAYS_SEARCH_USER_PATHS = NO;
				ASSETCATALOG_COMPILER_GENERATE_SWIFT_ASSET_SYMBOL_EXTENSIONS = YES;
				CLANG_ANALYZER_NONNULL = YES;
				CLANG_ANALYZER_NUMBER_OBJECT_CONVERSION = YES_AGGRESSIVE;
				CLANG_CXX_LANGUAGE_STANDARD = "gnu++20";
				CLANG_ENABLE_MODULES = YES;
				CLANG_ENABLE_OBJC_ARC = YES;
				CLANG_ENABLE_OBJC_WEAK = YES;
				CLANG_WARN_BLOCK_CAPTURE_AUTORELEASING = YES;
				CLANG_WARN_BOOL_CONVERSION = YES;
				CLANG_WARN_COMMA = YES;
				CLANG_WARN_CONSTANT_CONVERSION = YES;
				CLANG_WARN_DEPRECATED_OBJC_IMPLEMENTATIONS = YES;
				CLANG_WARN_DIRECT_OBJC_ISA_USAGE = YES_ERROR;
				CLANG_WARN_DOCUMENTATION_COMMENTS = YES;
				CLANG_WARN_EMPTY_BODY = YES;
				CLANG_WARN_ENUM_CONVERSION = YES;
				CLANG_WARN_INFINITE_RECURSION = YES;
				CLANG_WARN_INT_CONVERSION = YES;
				CLANG_WARN_NON_LITERAL_NULL_CONVERSION = YES;
				CLANG_WARN_OBJC_IMPLICIT_RETAIN_SELF = YES;
				CLANG_WARN_OBJC_LITERAL_CONVERSION = YES;
				CLANG_WARN_OBJC_ROOT_CLASS = YES_ERROR;
				CLANG_WARN_QUOTED_INCLUDE_IN_FRAMEWORK_HEADER = YES;
				CLANG_WARN_RANGE_LOOP_ANALYSIS = YES;
				CLANG_WARN_STRICT_PROTOTYPES = YES;
				CLANG_WARN_SUSPICIOUS_MOVE = YES;
				CLANG_WARN_UNGUARDED_AVAILABILITY = YES_AGGRESSIVE;
				CLANG_WARN_UNREACHABLE_CODE = YES;
				CLANG_WARN__DUPLICATE_METHOD_MATCH = YES;
				COPY_PHASE_STRIP = NO;
				DEBUG_INFORMATION_FORMAT = "dwarf-with-dsym";
				ENABLE_NS_ASSERTIONS = NO;
				ENABLE_STRICT_OBJC_MSGSEND = YES;
				ENABLE_USER_SCRIPT_SANDBOXING = YES;
				GCC_C_LANGUAGE_STANDARD = gnu17;
				GCC_NO_COMMON_BLOCKS = YES;
				GCC_WARN_64_TO_32_BIT_CONVERSION = YES;
				GCC_WARN_ABOUT_RETURN_TYPE = YES_ERROR;
				GCC_WARN_UNDECLARED_SELECTOR = YES;
				GCC_WARN_UNINITIALIZED_AUTOS = YES_AGGRESSIVE;
				GCC_WARN_UNUSED_FUNCTION = YES;
				GCC_WARN_UNUSED_VARIABLE = YES;
				IPHONEOS_DEPLOYMENT_TARGET = 17.2;
				LOCALIZATION_PREFERS_STRING_CATALOGS = YES;
				MTL_ENABLE_DEBUG_INFO = NO;
				MTL_FAST_MATH = YES;
				SDKROOT = iphoneos;
				SWIFT_COMPILATION_MODE = wholemodule;
				VALIDATE_PRODUCT = YES;
			};
			name = Release;
		};
		51C901B92CD22E9500B3BF52 /* Debug */ = {
			isa = XCBuildConfiguration;
			baseConfigurationReference = AFD84496441FEF01568FC7A1 /* Pods-TableWithoutStoryboard.debug.xcconfig */;
			buildSettings = {
				ASSETCATALOG_COMPILER_APPICON_NAME = AppIcon;
				ASSETCATALOG_COMPILER_GLOBAL_ACCENT_COLOR_NAME = AccentColor;
				CODE_SIGN_STYLE = Automatic;
				CURRENT_PROJECT_VERSION = 1;
				DEVELOPMENT_TEAM = HCYR6FTV6Z;
				ENABLE_USER_SCRIPT_SANDBOXING = NO;
				GENERATE_INFOPLIST_FILE = YES;
				INFOPLIST_FILE = TableWithoutStoryboard/Info.plist;
				INFOPLIST_KEY_UIApplicationSupportsIndirectInputEvents = YES;
				INFOPLIST_KEY_UILaunchStoryboardName = LaunchScreen;
				INFOPLIST_KEY_UISupportedInterfaceOrientations_iPad = "UIInterfaceOrientationPortrait UIInterfaceOrientationPortraitUpsideDown UIInterfaceOrientationLandscapeLeft UIInterfaceOrientationLandscapeRight";
				INFOPLIST_KEY_UISupportedInterfaceOrientations_iPhone = "UIInterfaceOrientationPortrait UIInterfaceOrientationLandscapeLeft UIInterfaceOrientationLandscapeRight";
				LD_RUNPATH_SEARCH_PATHS = (
					"$(inherited)",
					"@executable_path/Frameworks",
				);
				MARKETING_VERSION = 1.0;
				PRODUCT_BUNDLE_IDENTIFIER = Maya.TableWithoutStoryboard;
				PRODUCT_NAME = "$(TARGET_NAME)";
				SWIFT_EMIT_LOC_STRINGS = YES;
				SWIFT_VERSION = 5.0;
				TARGETED_DEVICE_FAMILY = "1,2";
			};
			name = Debug;
		};
		51C901BA2CD22E9500B3BF52 /* Release */ = {
			isa = XCBuildConfiguration;
			baseConfigurationReference = C649F1804A17544AA0A76A81 /* Pods-TableWithoutStoryboard.release.xcconfig */;
			buildSettings = {
				ASSETCATALOG_COMPILER_APPICON_NAME = AppIcon;
				ASSETCATALOG_COMPILER_GLOBAL_ACCENT_COLOR_NAME = AccentColor;
				CODE_SIGN_STYLE = Automatic;
				CURRENT_PROJECT_VERSION = 1;
				DEVELOPMENT_TEAM = HCYR6FTV6Z;
				ENABLE_USER_SCRIPT_SANDBOXING = NO;
				GENERATE_INFOPLIST_FILE = YES;
				INFOPLIST_FILE = TableWithoutStoryboard/Info.plist;
				INFOPLIST_KEY_UIApplicationSupportsIndirectInputEvents = YES;
				INFOPLIST_KEY_UILaunchStoryboardName = LaunchScreen;
				INFOPLIST_KEY_UISupportedInterfaceOrientations_iPad = "UIInterfaceOrientationPortrait UIInterfaceOrientationPortraitUpsideDown UIInterfaceOrientationLandscapeLeft UIInterfaceOrientationLandscapeRight";
				INFOPLIST_KEY_UISupportedInterfaceOrientations_iPhone = "UIInterfaceOrientationPortrait UIInterfaceOrientationLandscapeLeft UIInterfaceOrientationLandscapeRight";
				LD_RUNPATH_SEARCH_PATHS = (
					"$(inherited)",
					"@executable_path/Frameworks",
				);
				MARKETING_VERSION = 1.0;
				PRODUCT_BUNDLE_IDENTIFIER = Maya.TableWithoutStoryboard;
				PRODUCT_NAME = "$(TARGET_NAME)";
				SWIFT_EMIT_LOC_STRINGS = YES;
				SWIFT_VERSION = 5.0;
				TARGETED_DEVICE_FAMILY = "1,2";
			};
			name = Release;
		};
/* End XCBuildConfiguration section */

/* Begin XCConfigurationList section */
		51C9019F2CD22E9400B3BF52 /* Build configuration list for PBXProject "TableWithoutStoryboard" */ = {
			isa = XCConfigurationList;
			buildConfigurations = (
				51C901B62CD22E9500B3BF52 /* Debug */,
				51C901B72CD22E9500B3BF52 /* Release */,
			);
			defaultConfigurationIsVisible = 0;
			defaultConfigurationName = Release;
		};
		51C901B82CD22E9500B3BF52 /* Build configuration list for PBXNativeTarget "TableWithoutStoryboard" */ = {
			isa = XCConfigurationList;
			buildConfigurations = (
				51C901B92CD22E9500B3BF52 /* Debug */,
				51C901BA2CD22E9500B3BF52 /* Release */,
			);
			defaultConfigurationIsVisible = 0;
			defaultConfigurationName = Release;
		};
/* End XCConfigurationList section */
	};
	rootObject = 51C9019C2CD22E9400B3BF52 /* Project object */;
}
